
Microsoft Visual Studio Solution File, Format Version 12.00
# Visual Studio Version 17
VisualStudioVersion = 17.3.32519.111
MinimumVisualStudioVersion = 10.0.40219.1
Project("{FAE04EC0-301F-11D3-BF4B-00C04F79EFBC}") = "MobileAPIS4", "MobileAPIS4.csproj", "{DF06BCAA-12E4-4ADC-8A31-3191B2C50241}"
EndProject
Global
	GlobalSection(SolutionConfigurationPlatforms) = preSolution
		Debug|Any CPU = Debug|Any CPU
		Release|Any CPU = Release|Any CPU
	EndGlobalSection
	GlobalSection(ProjectConfigurationPlatforms) = postSolution
		{DF06BCAA-12E4-4ADC-8A31-3191B2C50241}.Debug|Any CPU.ActiveCfg = Debug|Any CPU
		{DF06BCAA-12E4-4ADC-8A31-3191B2C50241}.Debug|Any CPU.Build.0 = Debug|Any CPU
		{DF06BCAA-12E4-4ADC-8A31-3191B2C50241}.Release|Any CPU.ActiveCfg = Release|Any CPU
		{DF06BCAA-12E4-4ADC-8A31-3191B2C50241}.Release|Any CPU.Build.0 = Release|Any CPU
	EndGlobalSection
	GlobalSection(SolutionProperties) = preSolution
		HideSolutionNode = FALSE
	EndGlobalSection
	GlobalSection(ExtensibilityGlobals) = postSolution
		SolutionGuid = {0E36D5BC-7EFE-4F6B-9E50-BA2118DEF922}
	EndGlobalSection
EndGlobal
